
Microsoft Visual Studio Solution File, Format Version 12.00
# Visual Studio 14
VisualStudioVersion = 14.0.24720.0
MinimumVisualStudioVersion = 10.0.40219.1
Project("{FAE04EC0-301F-11D3-BF4B-00C04F79EFBC}") = "mongodb101", "mongodb101\mongodb101.csproj", "{DAA553D3-2081-4CC6-9120-17D52BF2653D}"
EndProject
Project("{FAE04EC0-301F-11D3-BF4B-00C04F79EFBC}") = "UnitTests", "UnitTests\UnitTests.csproj", "{CC760E54-2C4B-4864-AF3A-0BDFC5AC0F36}"
EndProject
Global
	GlobalSection(SolutionConfigurationPlatforms) = preSolution
		Debug|Any CPU = Debug|Any CPU
		Release|Any CPU = Release|Any CPU
	EndGlobalSection
	GlobalSection(ProjectConfigurationPlatforms) = postSolution
		{DAA553D3-2081-4CC6-9120-17D52BF2653D}.Debug|Any CPU.ActiveCfg = Debug|Any CPU
		{DAA553D3-2081-4CC6-9120-17D52BF2653D}.Debug|Any CPU.Build.0 = Debug|Any CPU
		{DAA553D3-2081-4CC6-9120-17D52BF2653D}.Release|Any CPU.ActiveCfg = Release|Any CPU
		{DAA553D3-2081-4CC6-9120-17D52BF2653D}.Release|Any CPU.Build.0 = Release|Any CPU
		{CC760E54-2C4B-4864-AF3A-0BDFC5AC0F36}.Debug|Any CPU.ActiveCfg = Debug|Any CPU
		{CC760E54-2C4B-4864-AF3A-0BDFC5AC0F36}.Debug|Any CPU.Build.0 = Debug|Any CPU
		{CC760E54-2C4B-4864-AF3A-0BDFC5AC0F36}.Release|Any CPU.ActiveCfg = Release|Any CPU
		{CC760E54-2C4B-4864-AF3A-0BDFC5AC0F36}.Release|Any CPU.Build.0 = Release|Any CPU
	EndGlobalSection
	GlobalSection(SolutionProperties) = preSolution
		HideSolutionNode = FALSE
	EndGlobalSection
EndGlobal
